
Microsoft Visual Studio Solution File, Format Version 12.00
# Visual Studio Version 17
VisualStudioVersion = 17.12.35527.113
MinimumVisualStudioVersion = 10.0.40219.1
Project("{FAE04EC0-301F-11D3-BF4B-00C04F79EFBC}") = "WebApi", "WebApi.csproj", "{2AE835C1-321A-4E38-81F2-D73323B5D16B}"
EndProject
Project("{FAE04EC0-301F-11D3-BF4B-00C04F79EFBC}") = "Domain", "..\Domain\Domain.csproj", "{65F2678D-EFAD-4436-8EC9-C76E07EF090E}"
EndProject
Project("{FAE04EC0-301F-11D3-BF4B-00C04F79EFBC}") = "Infrastructure", "..\Infrastructure\Infrastructure.csproj", "{4BE099E0-E35A-4688-BF5F-77CF4858253E}"
EndProject
Project("{FAE04EC0-301F-11D3-BF4B-00C04F79EFBC}") = "Application", "..\Application\Application.csproj", "{4159ED5E-93D5-443B-AA3E-15F2A98390B2}"
EndProject
Project("{2150E333-8FDC-42A3-9474-1A3956D46DE8}") = "src", "src", "{827E0CD3-B72D-47B6-A68D-7590B98EB39B}"
EndProject
Project("{FAE04EC0-301F-11D3-BF4B-00C04F79EFBC}") = "Domain", "src\Domain\Domain.csproj", "{CA7710AE-C12D-437C-A3AC-1E62E5BB5084}"
EndProject
Project("{FAE04EC0-301F-11D3-BF4B-00C04F79EFBC}") = "Application", "src\Application\Application.csproj", "{56E6232F-E08F-4BD0-A47C-226AC0AB2917}"
EndProject
Project("{FAE04EC0-301F-11D3-BF4B-00C04F79EFBC}") = "Infrastructure", "src\Infrastructure\Infrastructure.csproj", "{4F5C6D05-69D7-4A6A-A0E5-2C37E7240118}"
EndProject
Global
	GlobalSection(SolutionConfigurationPlatforms) = preSolution
		Debug|Any CPU = Debug|Any CPU
		Debug|x64 = Debug|x64
		Debug|x86 = Debug|x86
		Release|Any CPU = Release|Any CPU
		Release|x64 = Release|x64
		Release|x86 = Release|x86
	EndGlobalSection
	GlobalSection(ProjectConfigurationPlatforms) = postSolution
		{2AE835C1-321A-4E38-81F2-D73323B5D16B}.Debug|Any CPU.ActiveCfg = Debug|Any CPU
		{2AE835C1-321A-4E38-81F2-D73323B5D16B}.Debug|Any CPU.Build.0 = Debug|Any CPU
		{2AE835C1-321A-4E38-81F2-D73323B5D16B}.Debug|x64.ActiveCfg = Debug|Any CPU
		{2AE835C1-321A-4E38-81F2-D73323B5D16B}.Debug|x64.Build.0 = Debug|Any CPU
		{2AE835C1-321A-4E38-81F2-D73323B5D16B}.Debug|x86.ActiveCfg = Debug|Any CPU
		{2AE835C1-321A-4E38-81F2-D73323B5D16B}.Debug|x86.Build.0 = Debug|Any CPU
		{2AE835C1-321A-4E38-81F2-D73323B5D16B}.Release|Any CPU.ActiveCfg = Release|Any CPU
		{2AE835C1-321A-4E38-81F2-D73323B5D16B}.Release|Any CPU.Build.0 = Release|Any CPU
		{2AE835C1-321A-4E38-81F2-D73323B5D16B}.Release|x64.ActiveCfg = Release|Any CPU
		{2AE835C1-321A-4E38-81F2-D73323B5D16B}.Release|x64.Build.0 = Release|Any CPU
		{2AE835C1-321A-4E38-81F2-D73323B5D16B}.Release|x86.ActiveCfg = Release|Any CPU
		{2AE835C1-321A-4E38-81F2-D73323B5D16B}.Release|x86.Build.0 = Release|Any CPU
		{65F2678D-EFAD-4436-8EC9-C76E07EF090E}.Debug|Any CPU.ActiveCfg = Debug|Any CPU
		{65F2678D-EFAD-4436-8EC9-C76E07EF090E}.Debug|Any CPU.Build.0 = Debug|Any CPU
		{65F2678D-EFAD-4436-8EC9-C76E07EF090E}.Debug|x64.ActiveCfg = Debug|Any CPU
		{65F2678D-EFAD-4436-8EC9-C76E07EF090E}.Debug|x64.Build.0 = Debug|Any CPU
		{65F2678D-EFAD-4436-8EC9-C76E07EF090E}.Debug|x86.ActiveCfg = Debug|Any CPU
		{65F2678D-EFAD-4436-8EC9-C76E07EF090E}.Debug|x86.Build.0 = Debug|Any CPU
		{65F2678D-EFAD-4436-8EC9-C76E07EF090E}.Release|Any CPU.ActiveCfg = Release|Any CPU
		{65F2678D-EFAD-4436-8EC9-C76E07EF090E}.Release|Any CPU.Build.0 = Release|Any CPU
		{65F2678D-EFAD-4436-8EC9-C76E07EF090E}.Release|x64.ActiveCfg = Release|Any CPU
		{65F2678D-EFAD-4436-8EC9-C76E07EF090E}.Release|x64.Build.0 = Release|Any CPU
		{65F2678D-EFAD-4436-8EC9-C76E07EF090E}.Release|x86.ActiveCfg = Release|Any CPU
		{65F2678D-EFAD-4436-8EC9-C76E07EF090E}.Release|x86.Build.0 = Release|Any CPU
		{4BE099E0-E35A-4688-BF5F-77CF4858253E}.Debug|Any CPU.ActiveCfg = Debug|Any CPU
		{4BE099E0-E35A-4688-BF5F-77CF4858253E}.Debug|Any CPU.Build.0 = Debug|Any CPU
		{4BE099E0-E35A-4688-BF5F-77CF4858253E}.Debug|x64.ActiveCfg = Debug|Any CPU
		{4BE099E0-E35A-4688-BF5F-77CF4858253E}.Debug|x64.Build.0 = Debug|Any CPU
		{4BE099E0-E35A-4688-BF5F-77CF4858253E}.Debug|x86.ActiveCfg = Debug|Any CPU
		{4BE099E0-E35A-4688-BF5F-77CF4858253E}.Debug|x86.Build.0 = Debug|Any CPU
		{4BE099E0-E35A-4688-BF5F-77CF4858253E}.Release|Any CPU.ActiveCfg = Release|Any CPU
		{4BE099E0-E35A-4688-BF5F-77CF4858253E}.Release|Any CPU.Build.0 = Release|Any CPU
		{4BE099E0-E35A-4688-BF5F-77CF4858253E}.Release|x64.ActiveCfg = Release|Any CPU
		{4BE099E0-E35A-4688-BF5F-77CF4858253E}.Release|x64.Build.0 = Release|Any CPU
		{4BE099E0-E35A-4688-BF5F-77CF4858253E}.Release|x86.ActiveCfg = Release|Any CPU
		{4BE099E0-E35A-4688-BF5F-77CF4858253E}.Release|x86.Build.0 = Release|Any CPU
		{4159ED5E-93D5-443B-AA3E-15F2A98390B2}.Debug|Any CPU.ActiveCfg = Debug|Any CPU
		{4159ED5E-93D5-443B-AA3E-15F2A98390B2}.Debug|Any CPU.Build.0 = Debug|Any CPU
		{4159ED5E-93D5-443B-AA3E-15F2A98390B2}.Debug|x64.ActiveCfg = Debug|Any CPU
		{4159ED5E-93D5-443B-AA3E-15F2A98390B2}.Debug|x64.Build.0 = Debug|Any CPU
		{4159ED5E-93D5-443B-AA3E-15F2A98390B2}.Debug|x86.ActiveCfg = Debug|Any CPU
		{4159ED5E-93D5-443B-AA3E-15F2A98390B2}.Debug|x86.Build.0 = Debug|Any CPU
		{4159ED5E-93D5-443B-AA3E-15F2A98390B2}.Release|Any CPU.ActiveCfg = Release|Any CPU
		{4159ED5E-93D5-443B-AA3E-15F2A98390B2}.Release|Any CPU.Build.0 = Release|Any CPU
		{4159ED5E-93D5-443B-AA3E-15F2A98390B2}.Release|x64.ActiveCfg = Release|Any CPU
		{4159ED5E-93D5-443B-AA3E-15F2A98390B2}.Release|x64.Build.0 = Release|Any CPU
		{4159ED5E-93D5-443B-AA3E-15F2A98390B2}.Release|x86.ActiveCfg = Release|Any CPU
		{4159ED5E-93D5-443B-AA3E-15F2A98390B2}.Release|x86.Build.0 = Release|Any CPU
		{CA7710AE-C12D-437C-A3AC-1E62E5BB5084}.Debug|Any CPU.ActiveCfg = Debug|Any CPU
		{CA7710AE-C12D-437C-A3AC-1E62E5BB5084}.Debug|Any CPU.Build.0 = Debug|Any CPU
		{CA7710AE-C12D-437C-A3AC-1E62E5BB5084}.Debug|x64.ActiveCfg = Debug|Any CPU
		{CA7710AE-C12D-437C-A3AC-1E62E5BB5084}.Debug|x64.Build.0 = Debug|Any CPU
		{CA7710AE-C12D-437C-A3AC-1E62E5BB5084}.Debug|x86.ActiveCfg = Debug|Any CPU
		{CA7710AE-C12D-437C-A3AC-1E62E5BB5084}.Debug|x86.Build.0 = Debug|Any CPU
		{CA7710AE-C12D-437C-A3AC-1E62E5BB5084}.Release|Any CPU.ActiveCfg = Release|Any CPU
		{CA7710AE-C12D-437C-A3AC-1E62E5BB5084}.Release|Any CPU.Build.0 = Release|Any CPU
		{CA7710AE-C12D-437C-A3AC-1E62E5BB5084}.Release|x64.ActiveCfg = Release|Any CPU
		{CA7710AE-C12D-437C-A3AC-1E62E5BB5084}.Release|x64.Build.0 = Release|Any CPU
		{CA7710AE-C12D-437C-A3AC-1E62E5BB5084}.Release|x86.ActiveCfg = Release|Any CPU
		{CA7710AE-C12D-437C-A3AC-1E62E5BB5084}.Release|x86.Build.0 = Release|Any CPU
		{56E6232F-E08F-4BD0-A47C-226AC0AB2917}.Debug|Any CPU.ActiveCfg = Debug|Any CPU
		{56E6232F-E08F-4BD0-A47C-226AC0AB2917}.Debug|Any CPU.Build.0 = Debug|Any CPU
		{56E6232F-E08F-4BD0-A47C-226AC0AB2917}.Debug|x64.ActiveCfg = Debug|Any CPU
		{56E6232F-E08F-4BD0-A47C-226AC0AB2917}.Debug|x64.Build.0 = Debug|Any CPU
		{56E6232F-E08F-4BD0-A47C-226AC0AB2917}.Debug|x86.ActiveCfg = Debug|Any CPU
		{56E6232F-E08F-4BD0-A47C-226AC0AB2917}.Debug|x86.Build.0 = Debug|Any CPU
		{56E6232F-E08F-4BD0-A47C-226AC0AB2917}.Release|Any CPU.ActiveCfg = Release|Any CPU
		{56E6232F-E08F-4BD0-A47C-226AC0AB2917}.Release|Any CPU.Build.0 = Release|Any CPU
		{56E6232F-E08F-4BD0-A47C-226AC0AB2917}.Release|x64.ActiveCfg = Release|Any CPU
		{56E6232F-E08F-4BD0-A47C-226AC0AB2917}.Release|x64.Build.0 = Release|Any CPU
		{56E6232F-E08F-4BD0-A47C-226AC0AB2917}.Release|x86.ActiveCfg = Release|Any CPU
		{56E6232F-E08F-4BD0-A47C-226AC0AB2917}.Release|x86.Build.0 = Release|Any CPU
		{4F5C6D05-69D7-4A6A-A0E5-2C37E7240118}.Debug|Any CPU.ActiveCfg = Debug|Any CPU
		{4F5C6D05-69D7-4A6A-A0E5-2C37E7240118}.Debug|Any CPU.Build.0 = Debug|Any CPU
		{4F5C6D05-69D7-4A6A-A0E5-2C37E7240118}.Debug|x64.ActiveCfg = Debug|Any CPU
		{4F5C6D05-69D7-4A6A-A0E5-2C37E7240118}.Debug|x64.Build.0 = Debug|Any CPU
		{4F5C6D05-69D7-4A6A-A0E5-2C37E7240118}.Debug|x86.ActiveCfg = Debug|Any CPU
		{4F5C6D05-69D7-4A6A-A0E5-2C37E7240118}.Debug|x86.Build.0 = Debug|Any CPU
		{4F5C6D05-69D7-4A6A-A0E5-2C37E7240118}.Release|Any CPU.ActiveCfg = Release|Any CPU
		{4F5C6D05-69D7-4A6A-A0E5-2C37E7240118}.Release|Any CPU.Build.0 = Release|Any CPU
		{4F5C6D05-69D7-4A6A-A0E5-2C37E7240118}.Release|x64.ActiveCfg = Release|Any CPU
		{4F5C6D05-69D7-4A6A-A0E5-2C37E7240118}.Release|x64.Build.0 = Release|Any CPU
		{4F5C6D05-69D7-4A6A-A0E5-2C37E7240118}.Release|x86.ActiveCfg = Release|Any CPU
		{4F5C6D05-69D7-4A6A-A0E5-2C37E7240118}.Release|x86.Build.0 = Release|Any CPU
	EndGlobalSection
	GlobalSection(SolutionProperties) = preSolution
		HideSolutionNode = FALSE
	EndGlobalSection
	GlobalSection(NestedProjects) = preSolution
		{CA7710AE-C12D-437C-A3AC-1E62E5BB5084} = {827E0CD3-B72D-47B6-A68D-7590B98EB39B}
		{56E6232F-E08F-4BD0-A47C-226AC0AB2917} = {827E0CD3-B72D-47B6-A68D-7590B98EB39B}
		{4F5C6D05-69D7-4A6A-A0E5-2C37E7240118} = {827E0CD3-B72D-47B6-A68D-7590B98EB39B}
	EndGlobalSection
	GlobalSection(ExtensibilityGlobals) = postSolution
		SolutionGuid = {C92DB094-2036-488D-8914-E42E252EA8F0}
	EndGlobalSection
EndGlobal
